gitee.com/openeuler/PilotGo/sdk v0.0.0-20240718083350-ec88f0c9c292 h1:0mtSckC/QWY+peJuA/nI6YgdeGoIO9xBHbBqzz1Cw+U=
gitee.com/openeuler/PilotGo/sdk v0.0.0-20240718083350-ec88f0c9c292/go.mod h1:tqVD4Yq10/XdJnS35zMrxqSU8TFyMKtsG6HLiRzcnFk=
gitee.com/openeuler/PilotGo/sdk v0.0.0-20240724015408-b4fa623c3dd4 h1:ibs45+Xj1lqIXUOsP9//zUBzBiGmo87/5VBkgPNj/tk=
gitee.com/openeuler/PilotGo/sdk v0.0.0-20240724015408-b4fa623c3dd4/go.mod h1:tqVD4Yq10/XdJnS35zMrxqSU8TFyMKtsG6HLiRzcnFk=
gitee.com/openeuler/PilotGo/sdk v0.0.0-20240724025939-231bc58cf0e0 h1:qJxLL4KDSuQ8lYELtwBKAnfXg0j7SThcGN8mLlo2h8s=
gitee.com/openeuler/PilotGo/sdk v0.0.0-20240724025939-231bc58cf0e0/go.mod h1:tqVD4Yq10/XdJnS35zMrxqSU8TFyMKtsG6HLiRzcnFk=
